{
    "name": "@dudojs/dom-utils",
    "version": "1.0.2",
    "lockfileVersion": 1,
    "requires": true,
    "dependencies": {
        "@dudojs/easing": {
            "version": "1.0.2",
            "resolved": "https://registry.npmjs.org/@dudojs/easing/-/easing-1.0.2.tgz",
            "integrity": "sha512-INBph1mBdAsXR1w3tQyA+vxzymgEjEtNY00YJKFwoSAl+lvrKn5LCqmj5tqyk2D5UQtpf5dz1bEhI+tVDUHISA=="
        }
    }
}
