# THIS IS AN AUTOGENERATED FILE. DO NOT EDIT THIS FILE DIRECTLY.
# yarn lockfile v1


"@dudojs/easing@^1.0.2":
  version "1.0.2"
  resolved "https://registry.yarnpkg.com/@dudojs/easing/-/easing-1.0.2.tgz#97d8231aab461955127a35c82e236e7a9ce80fab"
  integrity sha512-INBph1mBdAsXR1w3tQyA+vxzymgEjEtNY00YJKFwoSAl+lvrKn5LCqmj5tqyk2D5UQtpf5dz1bEhI+tVDUHISA==
